// !$*UTF8*$!
{
	archiveVersion = 1;
	classes = {
	};
	objectVersion = 50;
	objects = {

/* Begin PBXBuildFile section */
		A935C7C12428E8C20094C998 /* AppDelegate.swift in Sources */ = {isa = PBXBuildFile; fileRef = A935C7C02428E8C20094C998 /* AppDelegate.swift */; };
		A935C7C32428E8C20094C998 /* SceneDelegate.swift in Sources */ = {isa = PBXBuildFile; fileRef = A935C7C22428E8C20094C998 /* SceneDelegate.swift */; };
		A935C7C52428E8C20094C998 /* ViewController.swift in Sources */ = {isa = PBXBuildFile; fileRef = A935C7C42428E8C20094C998 /* ViewController.swift */; };
		A935C7C82428E8C20094C998 /* Main.storyboard in Resources */ = {isa = PBXBuildFile; fileRef = A935C7C62428E8C20094C998 /* Main.storyboard */; };
		A935C7CA2428E8C60094C998 /* Assets.xcassets in Resources */ = {isa = PBXBuildFile; fileRef = A935C7C92428E8C60094C998 /* Assets.xcassets */; };
		A935C7CD2428E8C60094C998 /* LaunchScreen.storyboard in Resources */ = {isa = PBXBuildFile; fileRef = A935C7CB2428E8C60094C998 /* LaunchScreen.storyboard */; };
		A935C7D52429486A0094C998 /* BirdImageClassifier 1.mlmodel in Sources */ = {isa = PBXBuildFile; fileRef = A935C7D42429486A0094C998 /* BirdImageClassifier 1.mlmodel */; };
		A935C7D7242948730094C998 /* Nunito-Regular.ttf in Resources */ = {isa = PBXBuildFile; fileRef = A935C7D6242948730094C998 /* Nunito-Regular.ttf */; };
		A935C7D924294B410094C998 /* TableViewCell.swift in Sources */ = {isa = PBXBuildFile; fileRef = A935C7D824294B410094C998 /* TableViewCell.swift */; };
/* End PBXBuildFile section */

/* Begin PBXFileReference section */
		A935C7BD2428E8C20094C998 /* Bird Classifier.app */ = {isa = PBXFileReference; explicitFileType = wrapper.application; includeInIndex = 0; path = "Bird Classifier.app"; sourceTree = BUILT_PRODUCTS_DIR; };
		A935C7C02428E8C20094C998 /* AppDelegate.swift */ = {isa = PBXFileReference; lastKnownFileType = sourcecode.swift; path = AppDelegate.swift; sourceTree = "<group>"; };
		A935C7C22428E8C20094C998 /* SceneDelegate.swift */ = {isa = PBXFileReference; lastKnownFileType = sourcecode.swift; path = SceneDelegate.swift; sourceTree = "<group>"; };
		A935C7C42428E8C20094C998 /* ViewController.swift */ = {isa = PBXFileReference; lastKnownFileType = sourcecode.swift; path = ViewController.swift; sourceTree = "<group>"; };
		A935C7C72428E8C20094C998 /* Base */ = {isa = PBXFileReference; lastKnownFileType = file.storyboard; name = Base; path = Base.lproj/Main.storyboard; sourceTree = "<group>"; };
		A935C7C92428E8C60094C998 /* Assets.xcassets */ = {isa = PBXFileReference; lastKnownFileType = folder.assetcatalog; path = Assets.xcassets; sourceTree = "<group>"; };
		A935C7CC2428E8C60094C998 /* Base */ = {isa = PBXFileReference; lastKnownFileType = file.storyboard; name = Base; path = Base.lproj/LaunchScreen.storyboard; sourceTree = "<group>"; };
		A935C7CE2428E8C60094C998 /* Info.plist */ = {isa = PBXFileReference; lastKnownFileType = text.plist.xml; path = Info.plist; sourceTree = "<group>"; };
		A935C7D42429486A0094C998 /* BirdImageClassifier 1.mlmodel */ = {isa = PBXFileReference; lastKnownFileType = file.mlmodel; path = "BirdImageClassifier 1.mlmodel"; sourceTree = "<group>"; };
		A935C7D6242948730094C998 /* Nunito-Regular.ttf */ = {isa = PBXFileReference; lastKnownFileType = file; path = "Nunito-Regular.ttf"; sourceTree = "<group>"; };
		A935C7D824294B410094C998 /* TableViewCell.swift */ = {isa = PBXFileReference; lastKnownFileType = sourcecode.swift; path = TableViewCell.swift; sourceTree = "<group>"; };
/* End PBXFileReference section */

/* Begin PBXFrameworksBuildPhase section */
		A935C7BA2428E8C20094C998 /* Frameworks */ = {
			isa = PBXFrameworksBuildPhase;
			buildActionMask = 2147483647;
			files = (
			);
			runOnlyForDeploymentPostprocessing = 0;
		};
/* End PBXFrameworksBuildPhase section */

/* Begin PBXGroup section */
		A935C7B42428E8C20094C998 = {
			isa = PBXGroup;
			children = (
				A935C7BF2428E8C20094C998 /* Bird Classifier */,
				A935C7BE2428E8C20094C998 /* Products */,
			);
			sourceTree = "<group>";
		};
		A935C7BE2428E8C20094C998 /* Products */ = {
			isa = PBXGroup;
			children = (
				A935C7BD2428E8C20094C998 /* Bird Classifier.app */,
			);
			name = Products;
			sourceTree = "<group>";
		};
		A935C7BF2428E8C20094C998 /* Bird Classifier */ = {
			isa = PBXGroup;
			children = (
				A935C7C02428E8C20094C998 /* AppDelegate.swift */,
				A935C7C22428E8C20094C998 /* SceneDelegate.swift */,
				A935C7C42428E8C20094C998 /* ViewController.swift */,
				A935C7D824294B410094C998 /* TableViewCell.swift */,
				A935C7C62428E8C20094C998 /* Main.storyboard */,
				A935C7C92428E8C60094C998 /* Assets.xcassets */,
				A935C7D42429486A0094C998 /* BirdImageClassifier 1.mlmodel */,
				A935C7D6242948730094C998 /* Nunito-Regular.ttf */,
				A935C7CB2428E8C60094C998 /* LaunchScreen.storyboard */,
				A935C7CE2428E8C60094C998 /* Info.plist */,
			);
			path = "Bird Classifier";
			sourceTree = "<group>";
		};
/* End PBXGroup section */

/* Begin PBXNativeTarget section */
		A935C7BC2428E8C20094C998 /* Bird Classifier */ = {
			isa = PBXNativeTarget;
			buildConfigurationList = A935C7D12428E8C60094C998 /* Build configuration list for PBXNativeTarget "Bird Classifier" */;
			buildPhases = (
				A935C7B92428E8C20094C998 /* Sources */,
				A935C7BA2428E8C20094C998 /* Frameworks */,
				A935C7BB2428E8C20094C998 /* Resources */,
			);
			buildRules = (
			);
			dependencies = (
			);
			name = "Bird Classifier";
			productName = "Bird Classifier";
			productReference = A935C7BD2428E8C20094C998 /* Bird Classifier.app */;
			productType = "com.apple.product-type.application";
		};
/* End PBXNativeTarget section */

/* Begin PBXProject section */
		A935C7B52428E8C20094C998 /* Project object */ = {
			isa = PBXProject;
			attributes = {
				LastSwiftUpdateCheck = 1130;
				LastUpgradeCheck = 1130;
				ORGANIZATIONNAME = "Mykola Sereda";
				TargetAttributes = {
					A935C7BC2428E8C20094C998 = {
						CreatedOnToolsVersion = 11.3.1;
					};
				};
			};
			buildConfigurationList = A935C7B82428E8C20094C998 /* Build configuration list for PBXProject "Bird Classifier" */;
			compatibilityVersion = "Xcode 9.3";
			developmentRegion = en;
			hasScannedForEncodings = 0;
			knownRegions = (
				en,
				Base,
			);
			mainGroup = A935C7B42428E8C20094C998;
			productRefGroup = A935C7BE2428E8C20094C998 /* Products */;
			projectDirPath = "";
			projectRoot = "";
			targets = (
				A935C7BC2428E8C20094C998 /* Bird Classifier */,
			);
		};
/* End PBXProject section */

/* Begin PBXResourcesBuildPhase section */
		A935C7BB2428E8C20094C998 /* Resources */ = {
			isa = PBXResourcesBuildPhase;
			buildActionMask = 2147483647;
			files = (
				A935C7CD2428E8C60094C998 /* LaunchScreen.storyboard in Resources */,
				A935C7CA2428E8C60094C998 /* Assets.xcassets in Resources */,
				A935C7D7242948730094C998 /* Nunito-Regular.ttf in Resources */,
				A935C7C82428E8C20094C998 /* Main.storyboard in Resources */,
			);
			runOnlyForDeploymentPostprocessing = 0;
		};
/* End PBXResourcesBuildPhase section */

/* Begin PBXSourcesBuildPhase section */
		A935C7B92428E8C20094C998 /* Sources */ = {
			isa = PBXSourcesBuildPhase;
			buildActionMask = 2147483647;
			files = (
				A935C7D924294B410094C998 /* TableViewCell.swift in Sources */,
				A935C7C52428E8C20094C998 /* ViewController.swift in Sources */,
				A935C7C12428E8C20094C998 /* AppDelegate.swift in Sources */,
				A935C7C32428E8C20094C998 /* SceneDelegate.swift in Sources */,
				A935C7D52429486A0094C998 /* BirdImageClassifier 1.mlmodel in Sources */,
			);
			runOnlyForDeploymentPostprocessing = 0;
		};
/* End PBXSourcesBuildPhase section */

/* Begin PBXVariantGroup section */
		A935C7C62428E8C20094C998 /* Main.storyboard */ = {
			isa = PBXVariantGroup;
			children = (
				A935C7C72428E8C20094C998 /* Base */,
			);
			name = Main.storyboard;
			sourceTree = "<group>";
		};
		A935C7CB2428E8C60094C998 /* LaunchScreen.storyboard */ = {
			isa = PBXVariantGroup;
			children = (
				A935C7CC2428E8C60094C998 /* Base */,
			);
			name = LaunchScreen.storyboard;
			sourceTree = "<group>";
		};
/* End PBXVariantGroup section */

/* Begin XCBuildConfiguration section */
		A935C7CF2428E8C60094C998 /* Debug */ = {
			isa = XCBuildConfiguration;
			buildSettings = {
				ALWAYS_SEARCH_USER_PATHS = NO;
				CLANG_ANALYZER_NONNULL = YES;
				CLANG_ANALYZER_NUMBER_OBJECT_CONVERSION = YES_AGGRESSIVE;
				CLANG_CXX_LANGUAGE_STANDARD = "gnu++14";
				CLANG_CXX_LIBRARY = "libc++";
				CLANG_ENABLE_MODULES = YES;
				CLANG_ENABLE_OBJC_ARC = YES;
				CLANG_ENABLE_OBJC_WEAK = YES;
				CLANG_WARN_BLOCK_CAPTURE_AUTORELEASING = YES;
				CLANG_WARN_BOOL_CONVERSION = YES;
				CLANG_WARN_COMMA = YES;
				CLANG_WARN_CONSTANT_CONVERSION = YES;
				CLANG_WARN_DEPRECATED_OBJC_IMPLEMENTATIONS = YES;
				CLANG_WARN_DIRECT_OBJC_ISA_USAGE = YES_ERROR;
				CLANG_WARN_DOCUMENTATION_COMMENTS = YES;
				CLANG_WARN_EMPTY_BODY = YES;
				CLANG_WARN_ENUM_CONVERSION = YES;
				CLANG_WARN_INFINITE_RECURSION = YES;
				CLANG_WARN_INT_CONVERSION = YES;
				CLANG_WARN_NON_LITERAL_NULL_CONVERSION = YES;
				CLANG_WARN_OBJC_IMPLICIT_RETAIN_SELF = YES;
				CLANG_WARN_OBJC_LITERAL_CONVERSION = YES;
				CLANG_WARN_OBJC_ROOT_CLASS = YES_ERROR;
				CLANG_WARN_RANGE_LOOP_ANALYSIS = YES;
				CLANG_WARN_STRICT_PROTOTYPES = YES;
				CLANG_WARN_SUSPICIOUS_MOVE = YES;
				CLANG_WARN_UNGUARDED_AVAILABILITY = YES_AGGRESSIVE;
				CLANG_WARN_UNREACHABLE_CODE = YES;
				CLANG_WARN__DUPLICATE_METHOD_MATCH = YES;
				COPY_PHASE_STRIP = NO;
				DEBUG_INFORMATION_FORMAT = dwarf;
				ENABLE_STRICT_OBJC_MSGSEND = YES;
				ENABLE_TESTABILITY = YES;
				GCC_C_LANGUAGE_STANDARD = gnu11;
				GCC_DYNAMIC_NO_PIC = NO;
				GCC_NO_COMMON_BLOCKS = YES;
				GCC_OPTIMIZATION_LEVEL = 0;
				GCC_PREPROCESSOR_DEFINITIONS = (
					"DEBUG=1",
					"$(inherited)",
				);
				GCC_WARN_64_TO_32_BIT_CONVERSION = YES;
				GCC_WARN_ABOUT_RETURN_TYPE = YES_ERROR;
				GCC_WARN_UNDECLARED_SELECTOR = YES;
				GCC_WARN_UNINITIALIZED_AUTOS = YES_AGGRESSIVE;
				GCC_WARN_UNUSED_FUNCTION = YES;
				GCC_WARN_UNUSED_VARIABLE = YES;
				IPHONEOS_DEPLOYMENT_TARGET = 13.2;
				MTL_ENABLE_DEBUG_INFO = INCLUDE_SOURCE;
				MTL_FAST_MATH = YES;
				ONLY_ACTIVE_ARCH = YES;
				SDKROOT = iphoneos;
				SWIFT_ACTIVE_COMPILATION_CONDITIONS = DEBUG;
				SWIFT_OPTIMIZATION_LEVEL = "-Onone";
			};
			name = Debug;
		};
		A935C7D02428E8C60094C998 /* Release */ = {
			isa = XCBuildConfiguration;
			buildSettings = {
				ALWAYS_SEARCH_USER_PATHS = NO;
				CLANG_ANALYZER_NONNULL = YES;
				CLANG_ANALYZER_NUMBER_OBJECT_CONVERSION = YES_AGGRESSIVE;
				CLANG_CXX_LANGUAGE_STANDARD = "gnu++14";
				CLANG_CXX_LIBRARY = "libc++";
				CLANG_ENABLE_MODULES = YES;
				CLANG_ENABLE_OBJC_ARC = YES;
				CLANG_ENABLE_OBJC_WEAK = YES;
				CLANG_WARN_BLOCK_CAPTURE_AUTORELEASING = YES;
				CLANG_WARN_BOOL_CONVERSION = YES;
				CLANG_WARN_COMMA = YES;
				CLANG_WARN_CONSTANT_CONVERSION = YES;
				CLANG_WARN_DEPRECATED_OBJC_IMPLEMENTATIONS = YES;
				CLANG_WARN_DIRECT_OBJC_ISA_USAGE = YES_ERROR;
				CLANG_WARN_DOCUMENTATION_COMMENTS = YES;
				CLANG_WARN_EMPTY_BODY = YES;
				CLANG_WARN_ENUM_CONVERSION = YES;
				CLANG_WARN_INFINITE_RECURSION = YES;
				CLANG_WARN_INT_CONVERSION = YES;
				CLANG_WARN_NON_LITERAL_NULL_CONVERSION = YES;
				CLANG_WARN_OBJC_IMPLICIT_RETAIN_SELF = YES;
				CLANG_WARN_OBJC_LITERAL_CONVERSION = YES;
				CLANG_WARN_OBJC_ROOT_CLASS = YES_ERROR;
				CLANG_WARN_RANGE_LOOP_ANALYSIS = YES;
				CLANG_WARN_STRICT_PROTOTYPES = YES;
				CLANG_WARN_SUSPICIOUS_MOVE = YES;
				CLANG_WARN_UNGUARDED_AVAILABILITY = YES_AGGRESSIVE;
				CLANG_WARN_UNREACHABLE_CODE = YES;
				CLANG_WARN__DUPLICATE_METHOD_MATCH = YES;
				COPY_PHASE_STRIP = NO;
				DEBUG_INFORMATION_FORMAT = "dwarf-with-dsym";
				ENABLE_NS_ASSERTIONS = NO;
				ENABLE_STRICT_OBJC_MSGSEND = YES;
				GCC_C_LANGUAGE_STANDARD = gnu11;
				GCC_NO_COMMON_BLOCKS = YES;
				GCC_WARN_64_TO_32_BIT_CONVERSION = YES;
				GCC_WARN_ABOUT_RETURN_TYPE = YES_ERROR;
				GCC_WARN_UNDECLARED_SELECTOR = YES;
				GCC_WARN_UNINITIALIZED_AUTOS = YES_AGGRESSIVE;
				GCC_WARN_UNUSED_FUNCTION = YES;
				GCC_WARN_UNUSED_VARIABLE = YES;
				IPHONEOS_DEPLOYMENT_TARGET = 13.2;
				MTL_ENABLE_DEBUG_INFO = NO;
				MTL_FAST_MATH = YES;
				SDKROOT = iphoneos;
				SWIFT_COMPILATION_MODE = wholemodule;
				SWIFT_OPTIMIZATION_LEVEL = "-O";
				VALIDATE_PRODUCT = YES;
			};
			name = Release;
		};
		A935C7D22428E8C60094C998 /* Debug */ = {
			isa = XCBuildConfiguration;
			buildSettings = {
				ASSETCATALOG_COMPILER_APPICON_NAME = AppIcon;
				CODE_SIGN_STYLE = Automatic;
				INFOPLIST_FILE = "Bird Classifier/Info.plist";
				LD_RUNPATH_SEARCH_PATHS = (
					"$(inherited)",
					"@executable_path/Frameworks",
				);
				PRODUCT_BUNDLE_IDENTIFIER = "com.mykolasereda.Bird-Classifier";
				PRODUCT_NAME = "$(TARGET_NAME)";
				SWIFT_VERSION = 5.0;
				TARGETED_DEVICE_FAMILY = "1,2";
			};
			name = Debug;
		};
		A935C7D32428E8C60094C998 /* Release */ = {
			isa = XCBuildConfiguration;
			buildSettings = {
				ASSETCATALOG_COMPILER_APPICON_NAME = AppIcon;
				CODE_SIGN_STYLE = Automatic;
				INFOPLIST_FILE = "Bird Classifier/Info.plist";
				LD_RUNPATH_SEARCH_PATHS = (
					"$(inherited)",
					"@executable_path/Frameworks",
				);
				PRODUCT_BUNDLE_IDENTIFIER = "com.mykolasereda.Bird-Classifier";
				PRODUCT_NAME = "$(TARGET_NAME)";
				SWIFT_VERSION = 5.0;
				TARGETED_DEVICE_FAMILY = "1,2";
			};
			name = Release;
		};
/* End XCBuildConfiguration section */

/* Begin XCConfigurationList section */
		A935C7B82428E8C20094C998 /* Build configuration list for PBXProject "Bird Classifier" */ = {
			isa = XCConfigurationList;
			buildConfigurations = (
				A935C7CF2428E8C60094C998 /* Debug */,
				A935C7D02428E8C60094C998 /* Release */,
			);
			defaultConfigurationIsVisible = 0;
			defaultConfigurationName = Release;
		};
		A935C7D12428E8C60094C998 /* Build configuration list for PBXNativeTarget "Bird Classifier" */ = {
			isa = XCConfigurationList;
			buildConfigurations = (
				A935C7D22428E8C60094C998 /* Debug */,
				A935C7D32428E8C60094C998 /* Release */,
			);
			defaultConfigurationIsVisible = 0;
			defaultConfigurationName = Release;
		};
/* End XCConfigurationList section */
	};
	rootObject = A935C7B52428E8C20094C998 /* Project object */;
}
